// !$*UTF8*$!
{
	archiveVersion = 1;
	classes = {
	};
	objectVersion = 55;
	objects = {

/* Begin PBXBuildFile section */
		16B97A8DC415D8EB26A58574 /* libPods-MATICTaskTests.a in Frameworks */ = {isa = PBXBuildFile; fileRef = 419C7B1B3EDCD9AD2DB45DE8 /* libPods-MATICTaskTests.a */; };
		6AC7FF4939E1CD8268C05027 /* libPods-MATICTask.a in Frameworks */ = {isa = PBXBuildFile; fileRef = 82F664E0EFCB75866984CCDA /* libPods-MATICTask.a */; };
		E830BC522807E9A5009BF47E /* Assets.xcassets in Resources */ = {isa = PBXBuildFile; fileRef = E830BC512807E9A5009BF47E /* Assets.xcassets */; };
		E896C5BE2804B950000983C6 /* UITableView+Extentions.swift in Sources */ = {isa = PBXBuildFile; fileRef = E896C5BD2804B950000983C6 /* UITableView+Extentions.swift */; };
		E896C5C32804DA77000983C6 /* Repository.swift in Sources */ = {isa = PBXBuildFile; fileRef = E896C5C22804DA77000983C6 /* Repository.swift */; };
		E896C5C82804DD31000983C6 /* RepositoryTableViewCell.swift in Sources */ = {isa = PBXBuildFile; fileRef = E896C5C62804DD31000983C6 /* RepositoryTableViewCell.swift */; };
		E896C5C92804DD31000983C6 /* RepositoryTableViewCell.xib in Resources */ = {isa = PBXBuildFile; fileRef = E896C5C72804DD31000983C6 /* RepositoryTableViewCell.xib */; };
		E896C5CE2804DE98000983C6 /* RepositoriesTableViewController.swift in Sources */ = {isa = PBXBuildFile; fileRef = E896C5CD2804DE98000983C6 /* RepositoriesTableViewController.swift */; };
		E896C5D02804E375000983C6 /* APIService.swift in Sources */ = {isa = PBXBuildFile; fileRef = E896C5CF2804E375000983C6 /* APIService.swift */; };
		E89B0C73280A03CF00F9CADA /* APISeviceTests.swift in Sources */ = {isa = PBXBuildFile; fileRef = E89B0C72280A03CF00F9CADA /* APISeviceTests.swift */; };
		E8B2A9C228035DF50077D750 /* AppDelegate.swift in Sources */ = {isa = PBXBuildFile; fileRef = E8B2A9C128035DF50077D750 /* AppDelegate.swift */; };
		E8B2A9C428035DF50077D750 /* SceneDelegate.swift in Sources */ = {isa = PBXBuildFile; fileRef = E8B2A9C328035DF50077D750 /* SceneDelegate.swift */; };
		E8B2A9C928035DF50077D750 /* Main.storyboard in Resources */ = {isa = PBXBuildFile; fileRef = E8B2A9C728035DF50077D750 /* Main.storyboard */; };
		E8B2A9CE28035DF80077D750 /* LaunchScreen.storyboard in Resources */ = {isa = PBXBuildFile; fileRef = E8B2A9CC28035DF80077D750 /* LaunchScreen.storyboard */; };
		E8C04D4528063333005FD77E /* RepositoryViewModel.swift in Sources */ = {isa = PBXBuildFile; fileRef = E8C04D4428063333005FD77E /* RepositoryViewModel.swift */; };
		E8C92C0C280A657A00B02FD5 /* stub.json in Resources */ = {isa = PBXBuildFile; fileRef = E8C92C0B280A657A00B02FD5 /* stub.json */; };
		E8C92C0E280A662B00B02FD5 /* Bundle+unitTest.swift in Sources */ = {isa = PBXBuildFile; fileRef = E8C92C0D280A662B00B02FD5 /* Bundle+unitTest.swift */; };
/* End PBXBuildFile section */

/* Begin PBXContainerItemProxy section */
		E89B0C6B280A023600F9CADA /* PBXContainerItemProxy */ = {
			isa = PBXContainerItemProxy;
			containerPortal = E8B2A9B628035DF50077D750 /* Project object */;
			proxyType = 1;
			remoteGlobalIDString = E8B2A9BD28035DF50077D750;
			remoteInfo = MATICTask;
		};
/* End PBXContainerItemProxy section */

/* Begin PBXFileReference section */
		0BEEFD10F84A02B82F5EE1CE /* Pods-MATICTask.release.xcconfig */ = {isa = PBXFileReference; includeInIndex = 1; lastKnownFileType = text.xcconfig; name = "Pods-MATICTask.release.xcconfig"; path = "Target Support Files/Pods-MATICTask/Pods-MATICTask.release.xcconfig"; sourceTree = "<group>"; };
		144DB63B17F6CDA27DA30411 /* Pods-MATICTask.debug.xcconfig */ = {isa = PBXFileReference; includeInIndex = 1; lastKnownFileType = text.xcconfig; name = "Pods-MATICTask.debug.xcconfig"; path = "Target Support Files/Pods-MATICTask/Pods-MATICTask.debug.xcconfig"; sourceTree = "<group>"; };
		14F8BDAF126813472F771C11 /* Pods-MATICTaskTests.debug.xcconfig */ = {isa = PBXFileReference; includeInIndex = 1; lastKnownFileType = text.xcconfig; name = "Pods-MATICTaskTests.debug.xcconfig"; path = "Target Support Files/Pods-MATICTaskTests/Pods-MATICTaskTests.debug.xcconfig"; sourceTree = "<group>"; };
		419C7B1B3EDCD9AD2DB45DE8 /* libPods-MATICTaskTests.a */ = {isa = PBXFileReference; explicitFileType = archive.ar; includeInIndex = 0; path = "libPods-MATICTaskTests.a"; sourceTree = BUILT_PRODUCTS_DIR; };
		82F664E0EFCB75866984CCDA /* libPods-MATICTask.a */ = {isa = PBXFileReference; explicitFileType = archive.ar; includeInIndex = 0; path = "libPods-MATICTask.a"; sourceTree = BUILT_PRODUCTS_DIR; };
		9DDC308BB5512DC5F8850B4F /* Pods-MATICTaskTests.release.xcconfig */ = {isa = PBXFileReference; includeInIndex = 1; lastKnownFileType = text.xcconfig; name = "Pods-MATICTaskTests.release.xcconfig"; path = "Target Support Files/Pods-MATICTaskTests/Pods-MATICTaskTests.release.xcconfig"; sourceTree = "<group>"; };
		E830BC512807E9A5009BF47E /* Assets.xcassets */ = {isa = PBXFileReference; lastKnownFileType = folder.assetcatalog; path = Assets.xcassets; sourceTree = "<group>"; };
		E896C5BD2804B950000983C6 /* UITableView+Extentions.swift */ = {isa = PBXFileReference; lastKnownFileType = sourcecode.swift; path = "UITableView+Extentions.swift"; sourceTree = "<group>"; };
		E896C5C22804DA77000983C6 /* Repository.swift */ = {isa = PBXFileReference; lastKnownFileType = sourcecode.swift; path = Repository.swift; sourceTree = "<group>"; };
		E896C5C62804DD31000983C6 /* RepositoryTableViewCell.swift */ = {isa = PBXFileReference; lastKnownFileType = sourcecode.swift; path = RepositoryTableViewCell.swift; sourceTree = "<group>"; };
		E896C5C72804DD31000983C6 /* RepositoryTableViewCell.xib */ = {isa = PBXFileReference; lastKnownFileType = file.xib; path = RepositoryTableViewCell.xib; sourceTree = "<group>"; };
		E896C5CD2804DE98000983C6 /* RepositoriesTableViewController.swift */ = {isa = PBXFileReference; lastKnownFileType = sourcecode.swift; path = RepositoriesTableViewController.swift; sourceTree = "<group>"; };
		E896C5CF2804E375000983C6 /* APIService.swift */ = {isa = PBXFileReference; lastKnownFileType = sourcecode.swift; path = APIService.swift; sourceTree = "<group>"; };
		E89B0C67280A023600F9CADA /* MATICTaskTests.xctest */ = {isa = PBXFileReference; explicitFileType = wrapper.cfbundle; includeInIndex = 0; path = MATICTaskTests.xctest; sourceTree = BUILT_PRODUCTS_DIR; };
		E89B0C72280A03CF00F9CADA /* APISeviceTests.swift */ = {isa = PBXFileReference; lastKnownFileType = sourcecode.swift; path = APISeviceTests.swift; sourceTree = "<group>"; };
		E8B2A9BE28035DF50077D750 /* MATICTask.app */ = {isa = PBXFileReference; explicitFileType = wrapper.application; includeInIndex = 0; path = MATICTask.app; sourceTree = BUILT_PRODUCTS_DIR; };
		E8B2A9C128035DF50077D750 /* AppDelegate.swift */ = {isa = PBXFileReference; lastKnownFileType = sourcecode.swift; path = AppDelegate.swift; sourceTree = "<group>"; };
		E8B2A9C328035DF50077D750 /* SceneDelegate.swift */ = {isa = PBXFileReference; lastKnownFileType = sourcecode.swift; path = SceneDelegate.swift; sourceTree = "<group>"; };
		E8B2A9C828035DF50077D750 /* Base */ = {isa = PBXFileReference; lastKnownFileType = file.storyboard; name = Base; path = Base.lproj/Main.storyboard; sourceTree = "<group>"; };
		E8B2A9CD28035DF80077D750 /* Base */ = {isa = PBXFileReference; lastKnownFileType = file.storyboard; name = Base; path = Base.lproj/LaunchScreen.storyboard; sourceTree = "<group>"; };
		E8B2A9CF28035DF80077D750 /* Info.plist */ = {isa = PBXFileReference; lastKnownFileType = text.plist.xml; path = Info.plist; sourceTree = "<group>"; };
		E8C04D4428063333005FD77E /* RepositoryViewModel.swift */ = {isa = PBXFileReference; lastKnownFileType = sourcecode.swift; path = RepositoryViewModel.swift; sourceTree = "<group>"; };
		E8C92C0B280A657A00B02FD5 /* stub.json */ = {isa = PBXFileReference; lastKnownFileType = text.json; path = stub.json; sourceTree = "<group>"; };
		E8C92C0D280A662B00B02FD5 /* Bundle+unitTest.swift */ = {isa = PBXFileReference; lastKnownFileType = sourcecode.swift; path = "Bundle+unitTest.swift"; sourceTree = "<group>"; };
/* End PBXFileReference section */

/* Begin PBXFrameworksBuildPhase section */
		E89B0C64280A023600F9CADA /* Frameworks */ = {
			isa = PBXFrameworksBuildPhase;
			buildActionMask = 2147483647;
			files = (
				16B97A8DC415D8EB26A58574 /* libPods-MATICTaskTests.a in Frameworks */,
			);
			runOnlyForDeploymentPostprocessing = 0;
		};
		E8B2A9BB28035DF50077D750 /* Frameworks */ = {
			isa = PBXFrameworksBuildPhase;
			buildActionMask = 2147483647;
			files = (
				6AC7FF4939E1CD8268C05027 /* libPods-MATICTask.a in Frameworks */,
			);
			runOnlyForDeploymentPostprocessing = 0;
		};
/* End PBXFrameworksBuildPhase section */

/* Begin PBXGroup section */
		6D47FACD3C80B1CA4EDAACE9 /* Pods */ = {
			isa = PBXGroup;
			children = (
				144DB63B17F6CDA27DA30411 /* Pods-MATICTask.debug.xcconfig */,
				0BEEFD10F84A02B82F5EE1CE /* Pods-MATICTask.release.xcconfig */,
				14F8BDAF126813472F771C11 /* Pods-MATICTaskTests.debug.xcconfig */,
				9DDC308BB5512DC5F8850B4F /* Pods-MATICTaskTests.release.xcconfig */,
			);
			path = Pods;
			sourceTree = "<group>";
		};
		9FEA7D7B3E6855B0484C5048 /* Frameworks */ = {
			isa = PBXGroup;
			children = (
				82F664E0EFCB75866984CCDA /* libPods-MATICTask.a */,
				419C7B1B3EDCD9AD2DB45DE8 /* libPods-MATICTaskTests.a */,
			);
			name = Frameworks;
			sourceTree = "<group>";
		};
		E830BC4E2807BEE6009BF47E /* Storyboards */ = {
			isa = PBXGroup;
			children = (
				E8B2A9C728035DF50077D750 /* Main.storyboard */,
				E8B2A9CC28035DF80077D750 /* LaunchScreen.storyboard */,
			);
			path = Storyboards;
			sourceTree = "<group>";
		};
		E89068352803796D00067110 /* Models */ = {
			isa = PBXGroup;
			children = (
				E896C5C12804DA51000983C6 /* PONSOs */,
			);
			path = Models;
			sourceTree = "<group>";
		};
		E896C5BA2804B61D000983C6 /* Core */ = {
			isa = PBXGroup;
			children = (
				E8B2A9C128035DF50077D750 /* AppDelegate.swift */,
				E8B2A9C328035DF50077D750 /* SceneDelegate.swift */,
			);
			path = Core;
			sourceTree = "<group>";
		};
		E896C5BB2804B638000983C6 /* Resources */ = {
			isa = PBXGroup;
			children = (
				E830BC512807E9A5009BF47E /* Assets.xcassets */,
			);
			path = Resources;
			sourceTree = "<group>";
		};
		E896C5BC2804B83D000983C6 /* Extentions */ = {
			isa = PBXGroup;
			children = (
				E896C5BD2804B950000983C6 /* UITableView+Extentions.swift */,
			);
			path = Extentions;
			sourceTree = "<group>";
		};
		E896C5BF2804B9CC000983C6 /* Views */ = {
			isa = PBXGroup;
			children = (
				E830BC4E2807BEE6009BF47E /* Storyboards */,
				E896C5CC2804DDDE000983C6 /* ViewControllers */,
				E896C5C52804DCF3000983C6 /* Cells */,
			);
			path = Views;
			sourceTree = "<group>";
		};
		E896C5C12804DA51000983C6 /* PONSOs */ = {
			isa = PBXGroup;
			children = (
				E896C5C22804DA77000983C6 /* Repository.swift */,
			);
			path = PONSOs;
			sourceTree = "<group>";
		};
		E896C5C42804DACE000983C6 /* Networking */ = {
			isa = PBXGroup;
			children = (
				E896C5CF2804E375000983C6 /* APIService.swift */,
			);
			path = Networking;
			sourceTree = "<group>";
		};
		E896C5C52804DCF3000983C6 /* Cells */ = {
			isa = PBXGroup;
			children = (
				E896C5C62804DD31000983C6 /* RepositoryTableViewCell.swift */,
				E896C5C72804DD31000983C6 /* RepositoryTableViewCell.xib */,
			);
			path = Cells;
			sourceTree = "<group>";
		};
		E896C5CC2804DDDE000983C6 /* ViewControllers */ = {
			isa = PBXGroup;
			children = (
				E896C5CD2804DE98000983C6 /* RepositoriesTableViewController.swift */,
			);
			path = ViewControllers;
			sourceTree = "<group>";
		};
		E89B0C68280A023600F9CADA /* MATICTaskTests */ = {
			isa = PBXGroup;
			children = (
				E89B0C72280A03CF00F9CADA /* APISeviceTests.swift */,
				E8C92C0B280A657A00B02FD5 /* stub.json */,
				E8C92C0D280A662B00B02FD5 /* Bundle+unitTest.swift */,
			);
			path = MATICTaskTests;
			sourceTree = "<group>";
		};
		E8B2A9B528035DF50077D750 = {
			isa = PBXGroup;
			children = (
				E8B2A9C028035DF50077D750 /* MATICTask */,
				E89B0C68280A023600F9CADA /* MATICTaskTests */,
				E8B2A9BF28035DF50077D750 /* Products */,
				6D47FACD3C80B1CA4EDAACE9 /* Pods */,
				9FEA7D7B3E6855B0484C5048 /* Frameworks */,
			);
			sourceTree = "<group>";
		};
		E8B2A9BF28035DF50077D750 /* Products */ = {
			isa = PBXGroup;
			children = (
				E8B2A9BE28035DF50077D750 /* MATICTask.app */,
				E89B0C67280A023600F9CADA /* MATICTaskTests.xctest */,
			);
			name = Products;
			sourceTree = "<group>";
		};
		E8B2A9C028035DF50077D750 /* MATICTask */ = {
			isa = PBXGroup;
			children = (
				E896C5BC2804B83D000983C6 /* Extentions */,
				E896C5BA2804B61D000983C6 /* Core */,
				E896C5BB2804B638000983C6 /* Resources */,
				E896C5C42804DACE000983C6 /* Networking */,
				E896C5BF2804B9CC000983C6 /* Views */,
				E8C04D4328063303005FD77E /* ViewModel */,
				E89068352803796D00067110 /* Models */,
				E8B2A9CF28035DF80077D750 /* Info.plist */,
			);
			path = MATICTask;
			sourceTree = "<group>";
		};
		E8C04D4328063303005FD77E /* ViewModel */ = {
			isa = PBXGroup;
			children = (
				E8C04D4428063333005FD77E /* RepositoryViewModel.swift */,
			);
			path = ViewModel;
			sourceTree = "<group>";
		};
/* End PBXGroup section */

/* Begin PBXNativeTarget section */
		E89B0C66280A023600F9CADA /* MATICTaskTests */ = {
			isa = PBXNativeTarget;
			buildConfigurationList = E89B0C6D280A023700F9CADA /* Build configuration list for PBXNativeTarget "MATICTaskTests" */;
			buildPhases = (
				589D3EC2850DECE490F61205 /* [CP] Check Pods Manifest.lock */,
				E89B0C63280A023600F9CADA /* Sources */,
				E89B0C64280A023600F9CADA /* Frameworks */,
				E89B0C65280A023600F9CADA /* Resources */,
			);
			buildRules = (
			);
			dependencies = (
				E89B0C6C280A023600F9CADA /* PBXTargetDependency */,
			);
			name = MATICTaskTests;
			productName = MATICTaskTests;
			productReference = E89B0C67280A023600F9CADA /* MATICTaskTests.xctest */;
			productType = "com.apple.product-type.bundle.unit-test";
		};
		E8B2A9BD28035DF50077D750 /* MATICTask */ = {
			isa = PBXNativeTarget;
			buildConfigurationList = E8B2A9D228035DF80077D750 /* Build configuration list for PBXNativeTarget "MATICTask" */;
			buildPhases = (
				DC943B3C7C118D6A5ED8F674 /* [CP] Check Pods Manifest.lock */,
				E8B2A9BA28035DF50077D750 /* Sources */,
				E8B2A9BB28035DF50077D750 /* Frameworks */,
				E8B2A9BC28035DF50077D750 /* Resources */,
			);
			buildRules = (
			);
			dependencies = (
			);
			name = MATICTask;
			productName = MATICTask;
			productReference = E8B2A9BE28035DF50077D750 /* MATICTask.app */;
			productType = "com.apple.product-type.application";
		};
/* End PBXNativeTarget section */

/* Begin PBXProject section */
		E8B2A9B628035DF50077D750 /* Project object */ = {
			isa = PBXProject;
			attributes = {
				BuildIndependentTargetsInParallel = 1;
				LastSwiftUpdateCheck = 1300;
				LastUpgradeCheck = 1300;
				TargetAttributes = {
					E89B0C66280A023600F9CADA = {
						CreatedOnToolsVersion = 13.0;
						LastSwiftMigration = 1300;
						TestTargetID = E8B2A9BD28035DF50077D750;
					};
					E8B2A9BD28035DF50077D750 = {
						CreatedOnToolsVersion = 13.0;
					};
				};
			};
			buildConfigurationList = E8B2A9B928035DF50077D750 /* Build configuration list for PBXProject "MATICTask" */;
			compatibilityVersion = "Xcode 13.0";
			developmentRegion = en;
			hasScannedForEncodings = 0;
			knownRegions = (
				en,
				Base,
			);
			mainGroup = E8B2A9B528035DF50077D750;
			productRefGroup = E8B2A9BF28035DF50077D750 /* Products */;
			projectDirPath = "";
			projectRoot = "";
			targets = (
				E8B2A9BD28035DF50077D750 /* MATICTask */,
				E89B0C66280A023600F9CADA /* MATICTaskTests */,
			);
		};
/* End PBXProject section */

/* Begin PBXResourcesBuildPhase section */
		E89B0C65280A023600F9CADA /* Resources */ = {
			isa = PBXResourcesBuildPhase;
			buildActionMask = 2147483647;
			files = (
				E8C92C0C280A657A00B02FD5 /* stub.json in Resources */,
			);
			runOnlyForDeploymentPostprocessing = 0;
		};
		E8B2A9BC28035DF50077D750 /* Resources */ = {
			isa = PBXResourcesBuildPhase;
			buildActionMask = 2147483647;
			files = (
				E8B2A9CE28035DF80077D750 /* LaunchScreen.storyboard in Resources */,
				E8B2A9C928035DF50077D750 /* Main.storyboard in Resources */,
				E830BC522807E9A5009BF47E /* Assets.xcassets in Resources */,
				E896C5C92804DD31000983C6 /* RepositoryTableViewCell.xib in Resources */,
			);
			runOnlyForDeploymentPostprocessing = 0;
		};
/* End PBXResourcesBuildPhase section */

/* Begin PBXShellScriptBuildPhase section */
		589D3EC2850DECE490F61205 /* [CP] Check Pods Manifest.lock */ = {
			isa = PBXShellScriptBuildPhase;
			buildActionMask = 2147483647;
			files = (
			);
			inputFileListPaths = (
			);
			inputPaths = (
				"${PODS_PODFILE_DIR_PATH}/Podfile.lock",
				"${PODS_ROOT}/Manifest.lock",
			);
			name = "[CP] Check Pods Manifest.lock";
			outputFileListPaths = (
			);
			outputPaths = (
				"$(DERIVED_FILE_DIR)/Pods-MATICTaskTests-checkManifestLockResult.txt",
			);
			runOnlyForDeploymentPostprocessing = 0;
			shellPath = /bin/sh;
			shellScript = "diff \"${PODS_PODFILE_DIR_PATH}/Podfile.lock\" \"${PODS_ROOT}/Manifest.lock\" > /dev/null\nif [ $? != 0 ] ; then\n    # print error to STDERR\n    echo \"error: The sandbox is not in sync with the Podfile.lock. Run 'pod install' or update your CocoaPods installation.\" >&2\n    exit 1\nfi\n# This output is used by Xcode 'outputs' to avoid re-running this script phase.\necho \"SUCCESS\" > \"${SCRIPT_OUTPUT_FILE_0}\"\n";
			showEnvVarsInLog = 0;
		};
		DC943B3C7C118D6A5ED8F674 /* [CP] Check Pods Manifest.lock */ = {
			isa = PBXShellScriptBuildPhase;
			buildActionMask = 2147483647;
			files = (
			);
			inputFileListPaths = (
			);
			inputPaths = (
				"${PODS_PODFILE_DIR_PATH}/Podfile.lock",
				"${PODS_ROOT}/Manifest.lock",
			);
			name = "[CP] Check Pods Manifest.lock";
			outputFileListPaths = (
			);
			outputPaths = (
				"$(DERIVED_FILE_DIR)/Pods-MATICTask-checkManifestLockResult.txt",
			);
			runOnlyForDeploymentPostprocessing = 0;
			shellPath = /bin/sh;
			shellScript = "diff \"${PODS_PODFILE_DIR_PATH}/Podfile.lock\" \"${PODS_ROOT}/Manifest.lock\" > /dev/null\nif [ $? != 0 ] ; then\n    # print error to STDERR\n    echo \"error: The sandbox is not in sync with the Podfile.lock. Run 'pod install' or update your CocoaPods installation.\" >&2\n    exit 1\nfi\n# This output is used by Xcode 'outputs' to avoid re-running this script phase.\necho \"SUCCESS\" > \"${SCRIPT_OUTPUT_FILE_0}\"\n";
			showEnvVarsInLog = 0;
		};
/* End PBXShellScriptBuildPhase section */

/* Begin PBXSourcesBuildPhase section */
		E89B0C63280A023600F9CADA /* Sources */ = {
			isa = PBXSourcesBuildPhase;
			buildActionMask = 2147483647;
			files = (
				E89B0C73280A03CF00F9CADA /* APISeviceTests.swift in Sources */,
				E8C92C0E280A662B00B02FD5 /* Bundle+unitTest.swift in Sources */,
			);
			runOnlyForDeploymentPostprocessing = 0;
		};
		E8B2A9BA28035DF50077D750 /* Sources */ = {
			isa = PBXSourcesBuildPhase;
			buildActionMask = 2147483647;
			files = (
				E8C04D4528063333005FD77E /* RepositoryViewModel.swift in Sources */,
				E896C5BE2804B950000983C6 /* UITableView+Extentions.swift in Sources */,
				E8B2A9C228035DF50077D750 /* AppDelegate.swift in Sources */,
				E896C5C82804DD31000983C6 /* RepositoryTableViewCell.swift in Sources */,
				E896C5CE2804DE98000983C6 /* RepositoriesTableViewController.swift in Sources */,
				E896C5D02804E375000983C6 /* APIService.swift in Sources */,
				E8B2A9C428035DF50077D750 /* SceneDelegate.swift in Sources */,
				E896C5C32804DA77000983C6 /* Repository.swift in Sources */,
			);
			runOnlyForDeploymentPostprocessing = 0;
		};
/* End PBXSourcesBuildPhase section */

/* Begin PBXTargetDependency section */
		E89B0C6C280A023600F9CADA /* PBXTargetDependency */ = {
			isa = PBXTargetDependency;
			target = E8B2A9BD28035DF50077D750 /* MATICTask */;
			targetProxy = E89B0C6B280A023600F9CADA /* PBXContainerItemProxy */;
		};
/* End PBXTargetDependency section */

/* Begin PBXVariantGroup section */
		E8B2A9C728035DF50077D750 /* Main.storyboard */ = {
			isa = PBXVariantGroup;
			children = (
				E8B2A9C828035DF50077D750 /* Base */,
			);
			name = Main.storyboard;
			sourceTree = "<group>";
		};
		E8B2A9CC28035DF80077D750 /* LaunchScreen.storyboard */ = {
			isa = PBXVariantGroup;
			children = (
				E8B2A9CD28035DF80077D750 /* Base */,
			);
			name = LaunchScreen.storyboard;
			sourceTree = "<group>";
		};
/* End PBXVariantGroup section */

/* Begin XCBuildConfiguration section */
		E89B0C6E280A023700F9CADA /* Debug */ = {
			isa = XCBuildConfiguration;
			baseConfigurationReference = 14F8BDAF126813472F771C11 /* Pods-MATICTaskTests.debug.xcconfig */;
			buildSettings = {
				BUNDLE_LOADER = "$(TEST_HOST)";
				CLANG_ENABLE_MODULES = YES;
				CODE_SIGN_STYLE = Automatic;
				CURRENT_PROJECT_VERSION = 1;
				GENERATE_INFOPLIST_FILE = YES;
				LD_RUNPATH_SEARCH_PATHS = (
					"$(inherited)",
					"@executable_path/Frameworks",
					"@loader_path/Frameworks",
				);
				MARKETING_VERSION = 1.0;
				PRODUCT_BUNDLE_IDENTIFIER = MAGED.MATICTaskTests;
				PRODUCT_NAME = "$(TARGET_NAME)";
				SWIFT_EMIT_LOC_STRINGS = NO;
				SWIFT_OPTIMIZATION_LEVEL = "-Onone";
				SWIFT_VERSION = 5.0;
				TARGETED_DEVICE_FAMILY = "1,2";
				TEST_HOST = "$(BUILT_PRODUCTS_DIR)/MATICTask.app/MATICTask";
			};
			name = Debug;
		};
		E89B0C6F280A023700F9CADA /* Release */ = {
			isa = XCBuildConfiguration;
			baseConfigurationReference = 9DDC308BB5512DC5F8850B4F /* Pods-MATICTaskTests.release.xcconfig */;
			buildSettings = {
				BUNDLE_LOADER = "$(TEST_HOST)";
				CLANG_ENABLE_MODULES = YES;
				CODE_SIGN_STYLE = Automatic;
				CURRENT_PROJECT_VERSION = 1;
				GENERATE_INFOPLIST_FILE = YES;
				LD_RUNPATH_SEARCH_PATHS = (
					"$(inherited)",
					"@executable_path/Frameworks",
					"@loader_path/Frameworks",
				);
				MARKETING_VERSION = 1.0;
				PRODUCT_BUNDLE_IDENTIFIER = MAGED.MATICTaskTests;
				PRODUCT_NAME = "$(TARGET_NAME)";
				SWIFT_EMIT_LOC_STRINGS = NO;
				SWIFT_VERSION = 5.0;
				TARGETED_DEVICE_FAMILY = "1,2";
				TEST_HOST = "$(BUILT_PRODUCTS_DIR)/MATICTask.app/MATICTask";
			};
			name = Release;
		};
		E8B2A9D028035DF80077D750 /* Debug */ = {
			isa = XCBuildConfiguration;
			buildSettings = {
				ALWAYS_SEARCH_USER_PATHS = NO;
				CLANG_ANALYZER_NONNULL = YES;
				CLANG_ANALYZER_NUMBER_OBJECT_CONVERSION = YES_AGGRESSIVE;
				CLANG_CXX_LANGUAGE_STANDARD = "gnu++17";
				CLANG_CXX_LIBRARY = "libc++";
				CLANG_ENABLE_MODULES = YES;
				CLANG_ENABLE_OBJC_ARC = YES;
				CLANG_ENABLE_OBJC_WEAK = YES;
				CLANG_WARN_BLOCK_CAPTURE_AUTORELEASING = YES;
				CLANG_WARN_BOOL_CONVERSION = YES;
				CLANG_WARN_COMMA = YES;
				CLANG_WARN_CONSTANT_CONVERSION = YES;
				CLANG_WARN_DEPRECATED_OBJC_IMPLEMENTATIONS = YES;
				CLANG_WARN_DIRECT_OBJC_ISA_USAGE = YES_ERROR;
				CLANG_WARN_DOCUMENTATION_COMMENTS = YES;
				CLANG_WARN_EMPTY_BODY = YES;
				CLANG_WARN_ENUM_CONVERSION = YES;
				CLANG_WARN_INFINITE_RECURSION = YES;
				CLANG_WARN_INT_CONVERSION = YES;
				CLANG_WARN_NON_LITERAL_NULL_CONVERSION = YES;
				CLANG_WARN_OBJC_IMPLICIT_RETAIN_SELF = YES;
				CLANG_WARN_OBJC_LITERAL_CONVERSION = YES;
				CLANG_WARN_OBJC_ROOT_CLASS = YES_ERROR;
				CLANG_WARN_QUOTED_INCLUDE_IN_FRAMEWORK_HEADER = YES;
				CLANG_WARN_RANGE_LOOP_ANALYSIS = YES;
				CLANG_WARN_STRICT_PROTOTYPES = YES;
				CLANG_WARN_SUSPICIOUS_MOVE = YES;
				CLANG_WARN_UNGUARDED_AVAILABILITY = YES_AGGRESSIVE;
				CLANG_WARN_UNREACHABLE_CODE = YES;
				CLANG_WARN__DUPLICATE_METHOD_MATCH = YES;
				COPY_PHASE_STRIP = NO;
				DEBUG_INFORMATION_FORMAT = dwarf;
				ENABLE_STRICT_OBJC_MSGSEND = YES;
				ENABLE_TESTABILITY = YES;
				GCC_C_LANGUAGE_STANDARD = gnu11;
				GCC_DYNAMIC_NO_PIC = NO;
				GCC_NO_COMMON_BLOCKS = YES;
				GCC_OPTIMIZATION_LEVEL = 0;
				GCC_PREPROCESSOR_DEFINITIONS = (
					"DEBUG=1",
					"$(inherited)",
				);
				GCC_WARN_64_TO_32_BIT_CONVERSION = YES;
				GCC_WARN_ABOUT_RETURN_TYPE = YES_ERROR;
				GCC_WARN_UNDECLARED_SELECTOR = YES;
				GCC_WARN_UNINITIALIZED_AUTOS = YES_AGGRESSIVE;
				GCC_WARN_UNUSED_FUNCTION = YES;
				GCC_WARN_UNUSED_VARIABLE = YES;
				IPHONEOS_DEPLOYMENT_TARGET = 15.0;
				MTL_ENABLE_DEBUG_INFO = INCLUDE_SOURCE;
				MTL_FAST_MATH = YES;
				ONLY_ACTIVE_ARCH = YES;
				SDKROOT = iphoneos;
				SWIFT_ACTIVE_COMPILATION_CONDITIONS = DEBUG;
				SWIFT_OPTIMIZATION_LEVEL = "-Onone";
			};
			name = Debug;
		};
		E8B2A9D128035DF80077D750 /* Release */ = {
			isa = XCBuildConfiguration;
			buildSettings = {
				ALWAYS_SEARCH_USER_PATHS = NO;
				CLANG_ANALYZER_NONNULL = YES;
				CLANG_ANALYZER_NUMBER_OBJECT_CONVERSION = YES_AGGRESSIVE;
				CLANG_CXX_LANGUAGE_STANDARD = "gnu++17";
				CLANG_CXX_LIBRARY = "libc++";
				CLANG_ENABLE_MODULES = YES;
				CLANG_ENABLE_OBJC_ARC = YES;
				CLANG_ENABLE_OBJC_WEAK = YES;
				CLANG_WARN_BLOCK_CAPTURE_AUTORELEASING = YES;
				CLANG_WARN_BOOL_CONVERSION = YES;
				CLANG_WARN_COMMA = YES;
				CLANG_WARN_CONSTANT_CONVERSION = YES;
				CLANG_WARN_DEPRECATED_OBJC_IMPLEMENTATIONS = YES;
				CLANG_WARN_DIRECT_OBJC_ISA_USAGE = YES_ERROR;
				CLANG_WARN_DOCUMENTATION_COMMENTS = YES;
				CLANG_WARN_EMPTY_BODY = YES;
				CLANG_WARN_ENUM_CONVERSION = YES;
				CLANG_WARN_INFINITE_RECURSION = YES;
				CLANG_WARN_INT_CONVERSION = YES;
				CLANG_WARN_NON_LITERAL_NULL_CONVERSION = YES;
				CLANG_WARN_OBJC_IMPLICIT_RETAIN_SELF = YES;
				CLANG_WARN_OBJC_LITERAL_CONVERSION = YES;
				CLANG_WARN_OBJC_ROOT_CLASS = YES_ERROR;
				CLANG_WARN_QUOTED_INCLUDE_IN_FRAMEWORK_HEADER = YES;
				CLANG_WARN_RANGE_LOOP_ANALYSIS = YES;
				CLANG_WARN_STRICT_PROTOTYPES = YES;
				CLANG_WARN_SUSPICIOUS_MOVE = YES;
				CLANG_WARN_UNGUARDED_AVAILABILITY = YES_AGGRESSIVE;
				CLANG_WARN_UNREACHABLE_CODE = YES;
				CLANG_WARN__DUPLICATE_METHOD_MATCH = YES;
				COPY_PHASE_STRIP = NO;
				DEBUG_INFORMATION_FORMAT = "dwarf-with-dsym";
				ENABLE_NS_ASSERTIONS = NO;
				ENABLE_STRICT_OBJC_MSGSEND = YES;
				GCC_C_LANGUAGE_STANDARD = gnu11;
				GCC_NO_COMMON_BLOCKS = YES;
				GCC_WARN_64_TO_32_BIT_CONVERSION = YES;
				GCC_WARN_ABOUT_RETURN_TYPE = YES_ERROR;
				GCC_WARN_UNDECLARED_SELECTOR = YES;
				GCC_WARN_UNINITIALIZED_AUTOS = YES_AGGRESSIVE;
				GCC_WARN_UNUSED_FUNCTION = YES;
				GCC_WARN_UNUSED_VARIABLE = YES;
				IPHONEOS_DEPLOYMENT_TARGET = 15.0;
				MTL_ENABLE_DEBUG_INFO = NO;
				MTL_FAST_MATH = YES;
				SDKROOT = iphoneos;
				SWIFT_COMPILATION_MODE = wholemodule;
				SWIFT_OPTIMIZATION_LEVEL = "-O";
				VALIDATE_PRODUCT = YES;
			};
			name = Release;
		};
		E8B2A9D328035DF80077D750 /* Debug */ = {
			isa = XCBuildConfiguration;
			baseConfigurationReference = 144DB63B17F6CDA27DA30411 /* Pods-MATICTask.debug.xcconfig */;
			buildSettings = {
				ASSETCATALOG_COMPILER_APPICON_NAME = AppIcon;
				ASSETCATALOG_COMPILER_GLOBAL_ACCENT_COLOR_NAME = AccentColor;
				CODE_SIGN_STYLE = Automatic;
				CURRENT_PROJECT_VERSION = 1;
				GENERATE_INFOPLIST_FILE = YES;
				INFOPLIST_FILE = MATICTask/Info.plist;
				INFOPLIST_KEY_UIApplicationSupportsIndirectInputEvents = YES;
				INFOPLIST_KEY_UILaunchStoryboardName = LaunchScreen;
				INFOPLIST_KEY_UIMainStoryboardFile = Main;
				INFOPLIST_KEY_UISupportedInterfaceOrientations_iPad = "UIInterfaceOrientationPortrait UIInterfaceOrientationPortraitUpsideDown UIInterfaceOrientationLandscapeLeft UIInterfaceOrientationLandscapeRight";
				INFOPLIST_KEY_UISupportedInterfaceOrientations_iPhone = "UIInterfaceOrientationPortrait UIInterfaceOrientationLandscapeLeft UIInterfaceOrientationLandscapeRight";
				LD_RUNPATH_SEARCH_PATHS = (
					"$(inherited)",
					"@executable_path/Frameworks",
				);
				MARKETING_VERSION = 1.0;
				PRODUCT_BUNDLE_IDENTIFIER = MAGED.MATICTask;
				PRODUCT_NAME = "$(TARGET_NAME)";
				SWIFT_EMIT_LOC_STRINGS = YES;
				SWIFT_VERSION = 5.0;
				TARGETED_DEVICE_FAMILY = "1,2";
			};
			name = Debug;
		};
		E8B2A9D428035DF80077D750 /* Release */ = {
			isa = XCBuildConfiguration;
			baseConfigurationReference = 0BEEFD10F84A02B82F5EE1CE /* Pods-MATICTask.release.xcconfig */;
			buildSettings = {
				ASSETCATALOG_COMPILER_APPICON_NAME = AppIcon;
				ASSETCATALOG_COMPILER_GLOBAL_ACCENT_COLOR_NAME = AccentColor;
				CODE_SIGN_STYLE = Automatic;
				CURRENT_PROJECT_VERSION = 1;
				GENERATE_INFOPLIST_FILE = YES;
				INFOPLIST_FILE = MATICTask/Info.plist;
				INFOPLIST_KEY_UIApplicationSupportsIndirectInputEvents = YES;
				INFOPLIST_KEY_UILaunchStoryboardName = LaunchScreen;
				INFOPLIST_KEY_UIMainStoryboardFile = Main;
				INFOPLIST_KEY_UISupportedInterfaceOrientations_iPad = "UIInterfaceOrientationPortrait UIInterfaceOrientationPortraitUpsideDown UIInterfaceOrientationLandscapeLeft UIInterfaceOrientationLandscapeRight";
				INFOPLIST_KEY_UISupportedInterfaceOrientations_iPhone = "UIInterfaceOrientationPortrait UIInterfaceOrientationLandscapeLeft UIInterfaceOrientationLandscapeRight";
				LD_RUNPATH_SEARCH_PATHS = (
					"$(inherited)",
					"@executable_path/Frameworks",
				);
				MARKETING_VERSION = 1.0;
				PRODUCT_BUNDLE_IDENTIFIER = MAGED.MATICTask;
				PRODUCT_NAME = "$(TARGET_NAME)";
				SWIFT_EMIT_LOC_STRINGS = YES;
				SWIFT_VERSION = 5.0;
				TARGETED_DEVICE_FAMILY = "1,2";
			};
			name = Release;
		};
/* End XCBuildConfiguration section */

/* Begin XCConfigurationList section */
		E89B0C6D280A023700F9CADA /* Build configuration list for PBXNativeTarget "MATICTaskTests" */ = {
			isa = XCConfigurationList;
			buildConfigurations = (
				E89B0C6E280A023700F9CADA /* Debug */,
				E89B0C6F280A023700F9CADA /* Release */,
			);
			defaultConfigurationIsVisible = 0;
			defaultConfigurationName = Release;
		};
		E8B2A9B928035DF50077D750 /* Build configuration list for PBXProject "MATICTask" */ = {
			isa = XCConfigurationList;
			buildConfigurations = (
				E8B2A9D028035DF80077D750 /* Debug */,
				E8B2A9D128035DF80077D750 /* Release */,
			);
			defaultConfigurationIsVisible = 0;
			defaultConfigurationName = Release;
		};
		E8B2A9D228035DF80077D750 /* Build configuration list for PBXNativeTarget "MATICTask" */ = {
			isa = XCConfigurationList;
			buildConfigurations = (
				E8B2A9D328035DF80077D750 /* Debug */,
				E8B2A9D428035DF80077D750 /* Release */,
			);
			defaultConfigurationIsVisible = 0;
			defaultConfigurationName = Release;
		};
/* End XCConfigurationList section */
	};
	rootObject = E8B2A9B628035DF50077D750 /* Project object */;
}
